// !$*UTF8*$!
{
	archiveVersion = 1;
	classes = {
	};
	objectVersion = 50;
	objects = {

/* Begin PBXBuildFile section */
		011BEB2928ABCF2E006EAA26 /* SecondTabVC.swift in Sources */ = {isa = PBXBuildFile; fileRef = 011BEB2828ABCF2E006EAA26 /* SecondTabVC.swift */; };
		01C137CE28A926DC003B5405 /* AppDelegate.swift in Sources */ = {isa = PBXBuildFile; fileRef = 01C137CD28A926DC003B5405 /* AppDelegate.swift */; };
		01C137D028A926DC003B5405 /* SceneDelegate.swift in Sources */ = {isa = PBXBuildFile; fileRef = 01C137CF28A926DC003B5405 /* SceneDelegate.swift */; };
		01C137D228A926DC003B5405 /* ViewController.swift in Sources */ = {isa = PBXBuildFile; fileRef = 01C137D128A926DC003B5405 /* ViewController.swift */; };
		01C137D728A926E0003B5405 /* Assets.xcassets in Resources */ = {isa = PBXBuildFile; fileRef = 01C137D628A926E0003B5405 /* Assets.xcassets */; };
		01C137DA28A926E0003B5405 /* LaunchScreen.storyboard in Resources */ = {isa = PBXBuildFile; fileRef = 01C137D828A926E0003B5405 /* LaunchScreen.storyboard */; };
		01C137E228A928DC003B5405 /* .gitignore in Resources */ = {isa = PBXBuildFile; fileRef = 01C137E128A928DC003B5405 /* .gitignore */; };
		01EE9F2B28AAD36E00D96A3D /* TabBarController.swift in Sources */ = {isa = PBXBuildFile; fileRef = 01EE9F2A28AAD36E00D96A3D /* TabBarController.swift */; };
		01EE9F2E28AAD7E300D96A3D /* FirstTabVC.swift in Sources */ = {isa = PBXBuildFile; fileRef = 01EE9F2D28AAD7E300D96A3D /* FirstTabVC.swift */; };
		01EE9F3028AADE8900D96A3D /* FeedModel.swift in Sources */ = {isa = PBXBuildFile; fileRef = 01EE9F2F28AADE8900D96A3D /* FeedModel.swift */; };
		01EE9F3328AAE14200D96A3D /* DetailViewController.swift in Sources */ = {isa = PBXBuildFile; fileRef = 01EE9F3228AAE14200D96A3D /* DetailViewController.swift */; };
/* End PBXBuildFile section */

/* Begin PBXFileReference section */
		011BEB2828ABCF2E006EAA26 /* SecondTabVC.swift */ = {isa = PBXFileReference; lastKnownFileType = sourcecode.swift; path = SecondTabVC.swift; sourceTree = "<group>"; };
		01C137CA28A926DC003B5405 /* Navigation.app */ = {isa = PBXFileReference; explicitFileType = wrapper.application; includeInIndex = 0; path = Navigation.app; sourceTree = BUILT_PRODUCTS_DIR; };
		01C137CD28A926DC003B5405 /* AppDelegate.swift */ = {isa = PBXFileReference; lastKnownFileType = sourcecode.swift; path = AppDelegate.swift; sourceTree = "<group>"; };
		01C137CF28A926DC003B5405 /* SceneDelegate.swift */ = {isa = PBXFileReference; lastKnownFileType = sourcecode.swift; path = SceneDelegate.swift; sourceTree = "<group>"; };
		01C137D128A926DC003B5405 /* ViewController.swift */ = {isa = PBXFileReference; lastKnownFileType = sourcecode.swift; path = ViewController.swift; sourceTree = "<group>"; };
		01C137D628A926E0003B5405 /* Assets.xcassets */ = {isa = PBXFileReference; lastKnownFileType = folder.assetcatalog; path = Assets.xcassets; sourceTree = "<group>"; };
		01C137D928A926E0003B5405 /* Base */ = {isa = PBXFileReference; lastKnownFileType = file.storyboard; name = Base; path = Base.lproj/LaunchScreen.storyboard; sourceTree = "<group>"; };
		01C137DB28A926E0003B5405 /* Info.plist */ = {isa = PBXFileReference; lastKnownFileType = text.plist.xml; path = Info.plist; sourceTree = "<group>"; };
		01C137E128A928DC003B5405 /* .gitignore */ = {isa = PBXFileReference; lastKnownFileType = text; path = .gitignore; sourceTree = "<group>"; };
		01EE9F2A28AAD36E00D96A3D /* TabBarController.swift */ = {isa = PBXFileReference; lastKnownFileType = sourcecode.swift; path = TabBarController.swift; sourceTree = "<group>"; };
		01EE9F2D28AAD7E300D96A3D /* FirstTabVC.swift */ = {isa = PBXFileReference; lastKnownFileType = sourcecode.swift; path = FirstTabVC.swift; sourceTree = "<group>"; };
		01EE9F2F28AADE8900D96A3D /* FeedModel.swift */ = {isa = PBXFileReference; lastKnownFileType = sourcecode.swift; path = FeedModel.swift; sourceTree = "<group>"; };
		01EE9F3228AAE14200D96A3D /* DetailViewController.swift */ = {isa = PBXFileReference; lastKnownFileType = sourcecode.swift; path = DetailViewController.swift; sourceTree = "<group>"; };
/* End PBXFileReference section */

/* Begin PBXFrameworksBuildPhase section */
		01C137C728A926DC003B5405 /* Frameworks */ = {
			isa = PBXFrameworksBuildPhase;
			buildActionMask = 2147483647;
			files = (
			);
			runOnlyForDeploymentPostprocessing = 0;
		};
/* End PBXFrameworksBuildPhase section */

/* Begin PBXGroup section */
		01A8A6D628ABCE55008B777A /* Second Module */ = {
			isa = PBXGroup;
			children = (
				011BEB2828ABCF2E006EAA26 /* SecondTabVC.swift */,
			);
			path = "Second Module";
			sourceTree = "<group>";
		};
		01C137C128A926DC003B5405 = {
			isa = PBXGroup;
			children = (
				01C137E128A928DC003B5405 /* .gitignore */,
				01C137CC28A926DC003B5405 /* Navigation */,
				01C137CB28A926DC003B5405 /* Products */,
			);
			sourceTree = "<group>";
		};
		01C137CB28A926DC003B5405 /* Products */ = {
			isa = PBXGroup;
			children = (
				01C137CA28A926DC003B5405 /* Navigation.app */,
			);
			name = Products;
			sourceTree = "<group>";
		};
		01C137CC28A926DC003B5405 /* Navigation */ = {
			isa = PBXGroup;
			children = (
				01A8A6D628ABCE55008B777A /* Second Module */,
				01EE9F3128AAE12900D96A3D /* Detail Module */,
				01EE9F2C28AAD7CD00D96A3D /* First Module */,
				01EE9F2928AAD34600D96A3D /* Tabbar Module */,
				01EE9F2728AACB5000D96A3D /* Application */,
				01C137D128A926DC003B5405 /* ViewController.swift */,
				01C137D628A926E0003B5405 /* Assets.xcassets */,
				01C137D828A926E0003B5405 /* LaunchScreen.storyboard */,
				01C137DB28A926E0003B5405 /* Info.plist */,
			);
			path = Navigation;
			sourceTree = "<group>";
		};
		01EE9F2728AACB5000D96A3D /* Application */ = {
			isa = PBXGroup;
			children = (
				01C137CD28A926DC003B5405 /* AppDelegate.swift */,
				01C137CF28A926DC003B5405 /* SceneDelegate.swift */,
			);
			path = Application;
			sourceTree = "<group>";
		};
		01EE9F2928AAD34600D96A3D /* Tabbar Module */ = {
			isa = PBXGroup;
			children = (
				01EE9F2A28AAD36E00D96A3D /* TabBarController.swift */,
			);
			path = "Tabbar Module";
			sourceTree = "<group>";
		};
		01EE9F2C28AAD7CD00D96A3D /* First Module */ = {
			isa = PBXGroup;
			children = (
				01EE9F2D28AAD7E300D96A3D /* FirstTabVC.swift */,
				01EE9F2F28AADE8900D96A3D /* FeedModel.swift */,
			);
			path = "First Module";
			sourceTree = "<group>";
		};
		01EE9F3128AAE12900D96A3D /* Detail Module */ = {
			isa = PBXGroup;
			children = (
				01EE9F3228AAE14200D96A3D /* DetailViewController.swift */,
			);
			path = "Detail Module";
			sourceTree = "<group>";
		};
/* End PBXGroup section */

/* Begin PBXNativeTarget section */
		01C137C928A926DC003B5405 /* Navigation */ = {
			isa = PBXNativeTarget;
			buildConfigurationList = 01C137DE28A926E0003B5405 /* Build configuration list for PBXNativeTarget "Navigation" */;
			buildPhases = (
				01C137C628A926DC003B5405 /* Sources */,
				01C137C728A926DC003B5405 /* Frameworks */,
				01C137C828A926DC003B5405 /* Resources */,
			);
			buildRules = (
			);
			dependencies = (
			);
			name = Navigation;
			productName = Navigation;
			productReference = 01C137CA28A926DC003B5405 /* Navigation.app */;
			productType = "com.apple.product-type.application";
		};
/* End PBXNativeTarget section */

/* Begin PBXProject section */
		01C137C228A926DC003B5405 /* Project object */ = {
			isa = PBXProject;
			attributes = {
				LastSwiftUpdateCheck = 1250;
				LastUpgradeCheck = 1250;
				TargetAttributes = {
					01C137C928A926DC003B5405 = {
						CreatedOnToolsVersion = 12.5.1;
					};
				};
			};
			buildConfigurationList = 01C137C528A926DC003B5405 /* Build configuration list for PBXProject "Navigation" */;
			compatibilityVersion = "Xcode 9.3";
			developmentRegion = en;
			hasScannedForEncodings = 0;
			knownRegions = (
				en,
				Base,
			);
			mainGroup = 01C137C128A926DC003B5405;
			productRefGroup = 01C137CB28A926DC003B5405 /* Products */;
			projectDirPath = "";
			projectRoot = "";
			targets = (
				01C137C928A926DC003B5405 /* Navigation */,
			);
		};
/* End PBXProject section */

/* Begin PBXResourcesBuildPhase section */
		01C137C828A926DC003B5405 /* Resources */ = {
			isa = PBXResourcesBuildPhase;
			buildActionMask = 2147483647;
			files = (
				01C137E228A928DC003B5405 /* .gitignore in Resources */,
				01C137DA28A926E0003B5405 /* LaunchScreen.storyboard in Resources */,
				01C137D728A926E0003B5405 /* Assets.xcassets in Resources */,
			);
			runOnlyForDeploymentPostprocessing = 0;
		};
/* End PBXResourcesBuildPhase section */

/* Begin PBXSourcesBuildPhase section */
		01C137C628A926DC003B5405 /* Sources */ = {
			isa = PBXSourcesBuildPhase;
			buildActionMask = 2147483647;
			files = (
				011BEB2928ABCF2E006EAA26 /* SecondTabVC.swift in Sources */,
				01EE9F2E28AAD7E300D96A3D /* FirstTabVC.swift in Sources */,
				01EE9F3028AADE8900D96A3D /* FeedModel.swift in Sources */,
				01C137D228A926DC003B5405 /* ViewController.swift in Sources */,
				01EE9F2B28AAD36E00D96A3D /* TabBarController.swift in Sources */,
				01C137CE28A926DC003B5405 /* AppDelegate.swift in Sources */,
				01C137D028A926DC003B5405 /* SceneDelegate.swift in Sources */,
				01EE9F3328AAE14200D96A3D /* DetailViewController.swift in Sources */,
			);
			runOnlyForDeploymentPostprocessing = 0;
		};
/* End PBXSourcesBuildPhase section */

/* Begin PBXVariantGroup section */
		01C137D828A926E0003B5405 /* LaunchScreen.storyboard */ = {
			isa = PBXVariantGroup;
			children = (
				01C137D928A926E0003B5405 /* Base */,
			);
			name = LaunchScreen.storyboard;
			sourceTree = "<group>";
		};
/* End PBXVariantGroup section */

/* Begin XCBuildConfiguration section */
		01C137DC28A926E0003B5405 /* Debug */ = {
			isa = XCBuildConfiguration;
			buildSettings = {
				ALWAYS_SEARCH_USER_PATHS = NO;
				CLANG_ANALYZER_NONNULL = YES;
				CLANG_ANALYZER_NUMBER_OBJECT_CONVERSION = YES_AGGRESSIVE;
				CLANG_CXX_LANGUAGE_STANDARD = "gnu++14";
				CLANG_CXX_LIBRARY = "libc++";
				CLANG_ENABLE_MODULES = YES;
				CLANG_ENABLE_OBJC_ARC = YES;
				CLANG_ENABLE_OBJC_WEAK = YES;
				CLANG_WARN_BLOCK_CAPTURE_AUTORELEASING = YES;
				CLANG_WARN_BOOL_CONVERSION = YES;
				CLANG_WARN_COMMA = YES;
				CLANG_WARN_CONSTANT_CONVERSION = YES;
				CLANG_WARN_DEPRECATED_OBJC_IMPLEMENTATIONS = YES;
				CLANG_WARN_DIRECT_OBJC_ISA_USAGE = YES_ERROR;
				CLANG_WARN_DOCUMENTATION_COMMENTS = YES;
				CLANG_WARN_EMPTY_BODY = YES;
				CLANG_WARN_ENUM_CONVERSION = YES;
				CLANG_WARN_INFINITE_RECURSION = YES;
				CLANG_WARN_INT_CONVERSION = YES;
				CLANG_WARN_NON_LITERAL_NULL_CONVERSION = YES;
				CLANG_WARN_OBJC_IMPLICIT_RETAIN_SELF = YES;
				CLANG_WARN_OBJC_LITERAL_CONVERSION = YES;
				CLANG_WARN_OBJC_ROOT_CLASS = YES_ERROR;
				CLANG_WARN_QUOTED_INCLUDE_IN_FRAMEWORK_HEADER = YES;
				CLANG_WARN_RANGE_LOOP_ANALYSIS = YES;
				CLANG_WARN_STRICT_PROTOTYPES = YES;
				CLANG_WARN_SUSPICIOUS_MOVE = YES;
				CLANG_WARN_UNGUARDED_AVAILABILITY = YES_AGGRESSIVE;
				CLANG_WARN_UNREACHABLE_CODE = YES;
				CLANG_WARN__DUPLICATE_METHOD_MATCH = YES;
				COPY_PHASE_STRIP = NO;
				DEBUG_INFORMATION_FORMAT = dwarf;
				ENABLE_STRICT_OBJC_MSGSEND = YES;
				ENABLE_TESTABILITY = YES;
				GCC_C_LANGUAGE_STANDARD = gnu11;
				GCC_DYNAMIC_NO_PIC = NO;
				GCC_NO_COMMON_BLOCKS = YES;
				GCC_OPTIMIZATION_LEVEL = 0;
				GCC_PREPROCESSOR_DEFINITIONS = (
					"DEBUG=1",
					"$(inherited)",
				);
				GCC_WARN_64_TO_32_BIT_CONVERSION = YES;
				GCC_WARN_ABOUT_RETURN_TYPE = YES_ERROR;
				GCC_WARN_UNDECLARED_SELECTOR = YES;
				GCC_WARN_UNINITIALIZED_AUTOS = YES_AGGRESSIVE;
				GCC_WARN_UNUSED_FUNCTION = YES;
				GCC_WARN_UNUSED_VARIABLE = YES;
				IPHONEOS_DEPLOYMENT_TARGET = 14.5;
				MTL_ENABLE_DEBUG_INFO = INCLUDE_SOURCE;
				MTL_FAST_MATH = YES;
				ONLY_ACTIVE_ARCH = YES;
				SDKROOT = iphoneos;
				SWIFT_ACTIVE_COMPILATION_CONDITIONS = DEBUG;
				SWIFT_OPTIMIZATION_LEVEL = "-Onone";
			};
			name = Debug;
		};
		01C137DD28A926E0003B5405 /* Release */ = {
			isa = XCBuildConfiguration;
			buildSettings = {
				ALWAYS_SEARCH_USER_PATHS = NO;
				CLANG_ANALYZER_NONNULL = YES;
				CLANG_ANALYZER_NUMBER_OBJECT_CONVERSION = YES_AGGRESSIVE;
				CLANG_CXX_LANGUAGE_STANDARD = "gnu++14";
				CLANG_CXX_LIBRARY = "libc++";
				CLANG_ENABLE_MODULES = YES;
				CLANG_ENABLE_OBJC_ARC = YES;
				CLANG_ENABLE_OBJC_WEAK = YES;
				CLANG_WARN_BLOCK_CAPTURE_AUTORELEASING = YES;
				CLANG_WARN_BOOL_CONVERSION = YES;
				CLANG_WARN_COMMA = YES;
				CLANG_WARN_CONSTANT_CONVERSION = YES;
				CLANG_WARN_DEPRECATED_OBJC_IMPLEMENTATIONS = YES;
				CLANG_WARN_DIRECT_OBJC_ISA_USAGE = YES_ERROR;
				CLANG_WARN_DOCUMENTATION_COMMENTS = YES;
				CLANG_WARN_EMPTY_BODY = YES;
				CLANG_WARN_ENUM_CONVERSION = YES;
				CLANG_WARN_INFINITE_RECURSION = YES;
				CLANG_WARN_INT_CONVERSION = YES;
				CLANG_WARN_NON_LITERAL_NULL_CONVERSION = YES;
				CLANG_WARN_OBJC_IMPLICIT_RETAIN_SELF = YES;
				CLANG_WARN_OBJC_LITERAL_CONVERSION = YES;
				CLANG_WARN_OBJC_ROOT_CLASS = YES_ERROR;
				CLANG_WARN_QUOTED_INCLUDE_IN_FRAMEWORK_HEADER = YES;
				CLANG_WARN_RANGE_LOOP_ANALYSIS = YES;
				CLANG_WARN_STRICT_PROTOTYPES = YES;
				CLANG_WARN_SUSPICIOUS_MOVE = YES;
				CLANG_WARN_UNGUARDED_AVAILABILITY = YES_AGGRESSIVE;
				CLANG_WARN_UNREACHABLE_CODE = YES;
				CLANG_WARN__DUPLICATE_METHOD_MATCH = YES;
				COPY_PHASE_STRIP = NO;
				DEBUG_INFORMATION_FORMAT = "dwarf-with-dsym";
				ENABLE_NS_ASSERTIONS = NO;
				ENABLE_STRICT_OBJC_MSGSEND = YES;
				GCC_C_LANGUAGE_STANDARD = gnu11;
				GCC_NO_COMMON_BLOCKS = YES;
				GCC_WARN_64_TO_32_BIT_CONVERSION = YES;
				GCC_WARN_ABOUT_RETURN_TYPE = YES_ERROR;
				GCC_WARN_UNDECLARED_SELECTOR = YES;
				GCC_WARN_UNINITIALIZED_AUTOS = YES_AGGRESSIVE;
				GCC_WARN_UNUSED_FUNCTION = YES;
				GCC_WARN_UNUSED_VARIABLE = YES;
				IPHONEOS_DEPLOYMENT_TARGET = 14.5;
				MTL_ENABLE_DEBUG_INFO = NO;
				MTL_FAST_MATH = YES;
				SDKROOT = iphoneos;
				SWIFT_COMPILATION_MODE = wholemodule;
				SWIFT_OPTIMIZATION_LEVEL = "-O";
				VALIDATE_PRODUCT = YES;
			};
			name = Release;
		};
		01C137DF28A926E0003B5405 /* Debug */ = {
			isa = XCBuildConfiguration;
			buildSettings = {
				ASSETCATALOG_COMPILER_APPICON_NAME = AppIcon;
				ASSETCATALOG_COMPILER_GLOBAL_ACCENT_COLOR_NAME = AccentColor;
				CODE_SIGN_STYLE = Automatic;
				INFOPLIST_FILE = Navigation/Info.plist;
				LD_RUNPATH_SEARCH_PATHS = (
					"$(inherited)",
					"@executable_path/Frameworks",
				);
				PRODUCT_BUNDLE_IDENTIFIER = Boyko.Navigation;
				PRODUCT_NAME = "$(TARGET_NAME)";
				SWIFT_VERSION = 5.0;
				TARGETED_DEVICE_FAMILY = "1,2";
			};
			name = Debug;
		};
		01C137E028A926E0003B5405 /* Release */ = {
			isa = XCBuildConfiguration;
			buildSettings = {
				ASSETCATALOG_COMPILER_APPICON_NAME = AppIcon;
				ASSETCATALOG_COMPILER_GLOBAL_ACCENT_COLOR_NAME = AccentColor;
				CODE_SIGN_STYLE = Automatic;
				INFOPLIST_FILE = Navigation/Info.plist;
				LD_RUNPATH_SEARCH_PATHS = (
					"$(inherited)",
					"@executable_path/Frameworks",
				);
				PRODUCT_BUNDLE_IDENTIFIER = Boyko.Navigation;
				PRODUCT_NAME = "$(TARGET_NAME)";
				SWIFT_VERSION = 5.0;
				TARGETED_DEVICE_FAMILY = "1,2";
			};
			name = Release;
		};
/* End XCBuildConfiguration section */

/* Begin XCConfigurationList section */
		01C137C528A926DC003B5405 /* Build configuration list for PBXProject "Navigation" */ = {
			isa = XCConfigurationList;
			buildConfigurations = (
				01C137DC28A926E0003B5405 /* Debug */,
				01C137DD28A926E0003B5405 /* Release */,
			);
			defaultConfigurationIsVisible = 0;
			defaultConfigurationName = Release;
		};
		01C137DE28A926E0003B5405 /* Build configuration list for PBXNativeTarget "Navigation" */ = {
			isa = XCConfigurationList;
			buildConfigurations = (
				01C137DF28A926E0003B5405 /* Debug */,
				01C137E028A926E0003B5405 /* Release */,
			);
			defaultConfigurationIsVisible = 0;
			defaultConfigurationName = Release;
		};
/* End XCConfigurationList section */
	};
	rootObject = 01C137C228A926DC003B5405 /* Project object */;
}
